{
  "name": "leaderboard",
  "version": "1.0.0",
  "lockfileVersion": 3,
  "requires": true,
  "packages": {
    "": {
      "name": "leaderboard",
      "version": "1.0.0",
      "license": "ISC",
      "dependencies": {
        "@fluentui/font-icons-mdl2": "^8.5.72",
        "@fluentui/react-icons": "^2.0.325",
        "react": "^19.2.5",
        "react-dom": "^19.2.5"
      },
      "devDependencies": {
        "@types/react": "^19.2.14",
        "@types/react-dom": "^19.2.3",
        "typescript": "^6.0.3"
      }
    },
    "node_modules/@babel/runtime": {
      "version": "7.29.2",
      "resolved": "https://registry.npmjs.org/@babel/runtime/-/runtime-7.29.2.tgz",
      "integrity": "sha512-JiDShH45zKHWyGe4ZNVRrCjBz8Nh9TMmZG1kh4QTK8hCBTWBi8Da+i7s1fJw7/lYpM4ccepSNfqzZ/QvABBi5g==",
      "license": "MIT",
      "engines": {
        "node": ">=6.9.0"
      }
    },
    "node_modules/@emotion/hash": {
      "version": "0.9.2",
      "resolved": "https://registry.npmjs.org/@emotion/hash/-/hash-0.9.2.tgz",
      "integrity": "sha512-MyqliTZGuOm3+5ZRSaaBGP3USLw6+EGykkwZns2EPC5g8jJ4z9OrdZY9apkl3+UP9+sdz76YYkwCKP5gh8iY3g==",
      "license": "MIT"
    },
    "node_modules/@fluentui/dom-utilities": {
      "version": "2.3.10",
      "resolved": "https://registry.npmjs.org/@fluentui/dom-utilities/-/dom-utilities-2.3.10.tgz",
      "integrity": "sha512-6WDImiLqTOpkEtfUKSStcTDpzmJfL6ZammomcjawN9xH/8u8G3Hx72CIt2MNck9giw/oUlNLJFdWRAjeP3rmPQ==",
      "license": "MIT",
      "dependencies": {
        "@fluentui/set-version": "^8.2.24",
        "tslib": "^2.1.0"
      }
    },
    "node_modules/@fluentui/font-icons-mdl2": {
      "version": "8.5.72",
      "resolved": "https://registry.npmjs.org/@fluentui/font-icons-mdl2/-/font-icons-mdl2-8.5.72.tgz",
      "integrity": "sha512-RsdXbnu77uahoFu8GQMyLLeO5FyT+5AvtXhYjm662rs1NaEo89FcbJUjG9UZ2OkWPCNoGmhiFoOVPJwx0TQ6+g==",
      "license": "MIT",
      "dependencies": {
        "@fluentui/set-version": "^8.2.24",
        "@fluentui/style-utilities": "^8.15.0",
        "@fluentui/utilities": "^8.17.2",
        "tslib": "^2.1.0"
      }
    },
    "node_modules/@fluentui/merge-styles": {
      "version": "8.6.14",
      "resolved": "https://registry.npmjs.org/@fluentui/merge-styles/-/merge-styles-8.6.14.tgz",
      "integrity": "sha512-vghuHFAfQgS9WLIIs4kgDOCh/DHd5vGIddP4/bzposhlAVLZR6wUBqldm9AuCdY88r5LyCRMavVJLV+Up3xdvA==",
      "license": "MIT",
      "dependencies": {
        "@fluentui/set-version": "^8.2.24",
        "tslib": "^2.1.0"
      }
    },
    "node_modules/@fluentui/react-icons": {
      "version": "2.0.325",
      "resolved": "https://registry.npmjs.org/@fluentui/react-icons/-/react-icons-2.0.325.tgz",
      "integrity": "sha512-dbmpGMwyCFfkFdMSTEFnbNMXKDomPpqbzXVKRKM0EEQrcwOoQvm08d+SV+WWH11kni26SrgEtB9ycldD+fr92w==",
      "license": "MIT",
      "dependencies": {
        "@griffel/react": "^1.6.1",
        "tslib": "^2.1.0"
      },
      "peerDependencies": {
        "react": ">=16.8.0 <20.0.0"
      }
    },
    "node_modules/@fluentui/react-window-provider": {
      "version": "2.3.2",
      "resolved": "https://registry.npmjs.org/@fluentui/react-window-provider/-/react-window-provider-2.3.2.tgz",
      "integrity": "sha512-T15zFPIWr9De8hNkapne7YyvcxclyTK2bMXXHZwbWLkVeH/lGHRG0CIy/calNGKa86wuzMJhq8iqFW2W6+EwVQ==",
      "license": "MIT",
      "dependencies": {
        "@fluentui/set-version": "^8.2.24",
        "tslib": "^2.1.0"
      },
      "peerDependencies": {
        "@types/react": ">=16.8.0 <20.0.0",
        "react": ">=16.8.0 <20.0.0"
      }
    },
    "node_modules/@fluentui/set-version": {
      "version": "8.2.24",
      "resolved": "https://registry.npmjs.org/@fluentui/set-version/-/set-version-8.2.24.tgz",
      "integrity": "sha512-8uNi2ThvNgF+6d3q2luFVVdk/wZV0AbRfJ85kkvf2+oSRY+f6QVK0w13vMorNhA5puumKcZniZoAfUF02w7NSg==",
      "license": "MIT",
      "dependencies": {
        "tslib": "^2.1.0"
      }
    },
    "node_modules/@fluentui/style-utilities": {
      "version": "8.15.0",
      "resolved": "https://registry.npmjs.org/@fluentui/style-utilities/-/style-utilities-8.15.0.tgz",
      "integrity": "sha512-g+hmc2z5iHMI1j4DqihYSws9ERzuT44mjfNGE1ywYqCB8MAzNzAPpyiosWOtI4cWZUQfnqzokpdSKkYF3quM8A==",
      "license": "MIT",
      "dependencies": {
        "@fluentui/merge-styles": "^8.6.14",
        "@fluentui/set-version": "^8.2.24",
        "@fluentui/theme": "^2.7.2",
        "@fluentui/utilities": "^8.17.2",
        "@microsoft/load-themed-styles": "^1.10.26",
        "tslib": "^2.1.0"
      }
    },
    "node_modules/@fluentui/theme": {
      "version": "2.7.2",
      "resolved": "https://registry.npmjs.org/@fluentui/theme/-/theme-2.7.2.tgz",
      "integrity": "sha512-UXGNfGa/1bLmYrOpmHXdvyc7CzlNSKUQAADweTncbNoMF1DvscWEjPj5kxFgCmOU8wVtvvn4GraNNUSWtNxeeA==",
      "license": "MIT",
      "dependencies": {
        "@fluentui/merge-styles": "^8.6.14",
        "@fluentui/set-version": "^8.2.24",
        "@fluentui/utilities": "^8.17.2",
        "tslib": "^2.1.0"
      },
      "peerDependencies": {
        "@types/react": ">=16.8.0 <20.0.0",
        "react": ">=16.8.0 <20.0.0"
      }
    },
    "node_modules/@fluentui/utilities": {
      "version": "8.17.2",
      "resolved": "https://registry.npmjs.org/@fluentui/utilities/-/utilities-8.17.2.tgz",
      "integrity": "sha512-TmeWVtGN+Lk0mch7tuRcbkeMdrBwltI68fvQbPwcNLo4igFtTInMmjEnVJGa7pBQN5lQAmHYqB9IJI6RZU/t6w==",
      "license": "MIT",
      "dependencies": {
        "@fluentui/dom-utilities": "^2.3.10",
        "@fluentui/merge-styles": "^8.6.14",
        "@fluentui/react-window-provider": "^2.3.2",
        "@fluentui/set-version": "^8.2.24",
        "tslib": "^2.1.0"
      },
      "peerDependencies": {
        "@types/react": ">=16.8.0 <20.0.0",
        "react": ">=16.8.0 <20.0.0"
      }
    },
    "node_modules/@griffel/core": {
      "version": "1.20.1",
      "resolved": "https://registry.npmjs.org/@griffel/core/-/core-1.20.1.tgz",
      "integrity": "sha512-ld1mX04zpmeHn8agx4slSEh8kJ+8or3Y0x9gsJNKSKn6GdCkZBSiGUh+oBXCBn8RKzz8l60TA9IhVSStnyKekA==",
      "license": "MIT",
      "dependencies": {
        "@emotion/hash": "^0.9.0",
        "@griffel/style-types": "^1.4.0",
        "csstype": "^3.1.3",
        "rtl-css-js": "^1.16.1",
        "stylis": "^4.2.0",
        "tslib": "^2.1.0"
      }
    },
    "node_modules/@griffel/react": {
      "version": "1.6.1",
      "resolved": "https://registry.npmjs.org/@griffel/react/-/react-1.6.1.tgz",
      "integrity": "sha512-mNM4/+dIXzqeHboWpVZ1/jiwTAYNc5/8y/V/HasnQ2QXnV6gSUYpeUk/0n6IFU3NJmVJly9JrLSfNo0hM/IFeA==",
      "license": "MIT",
      "dependencies": {
        "@griffel/core": "^1.20.1",
        "tslib": "^2.1.0"
      },
      "peerDependencies": {
        "react": ">=16.8.0 <20.0.0"
      }
    },
    "node_modules/@griffel/style-types": {
      "version": "1.4.0",
      "resolved": "https://registry.npmjs.org/@griffel/style-types/-/style-types-1.4.0.tgz",
      "integrity": "sha512-vNDfOGV7RN/XkA7vxgf7Z5HgW8eiBm5cHT9wQPhsKB4pxWom5u6eQ9CkYE5mCCTSPl9H6Nd1NBai04d4P6BD7Q==",
      "license": "MIT",
      "dependencies": {
        "csstype": "^3.1.3"
      }
    },
    "node_modules/@microsoft/load-themed-styles": {
      "version": "1.10.295",
      "resolved": "https://registry.npmjs.org/@microsoft/load-themed-styles/-/load-themed-styles-1.10.295.tgz",
      "integrity": "sha512-W+IzEBw8a6LOOfRJM02dTT7BDZijxm+Z7lhtOAz1+y9vQm1Kdz9jlAO+qCEKsfxtUOmKilW8DIRqFw2aUgKeGg==",
      "license": "MIT"
    },
    "node_modules/@types/react": {
      "version": "19.2.14",
      "resolved": "https://registry.npmjs.org/@types/react/-/react-19.2.14.tgz",
      "integrity": "sha512-ilcTH/UniCkMdtexkoCN0bI7pMcJDvmQFPvuPvmEaYA/NSfFTAgdUSLAoVjaRJm7+6PvcM+q1zYOwS4wTYMF9w==",
      "license": "MIT",
      "dependencies": {
        "csstype": "^3.2.2"
      }
    },
    "node_modules/@types/react-dom": {
      "version": "19.2.3",
      "resolved": "https://registry.npmjs.org/@types/react-dom/-/react-dom-19.2.3.tgz",
      "integrity": "sha512-jp2L/eY6fn+KgVVQAOqYItbF0VY/YApe5Mz2F0aykSO8gx31bYCZyvSeYxCHKvzHG5eZjc+zyaS5BrBWya2+kQ==",
      "dev": true,
      "license": "MIT",
      "peerDependencies": {
        "@types/react": "^19.2.0"
      }
    },
    "node_modules/csstype": {
      "version": "3.2.3",
      "resolved": "https://registry.npmjs.org/csstype/-/csstype-3.2.3.tgz",
      "integrity": "sha512-z1HGKcYy2xA8AGQfwrn0PAy+PB7X/GSj3UVJW9qKyn43xWa+gl5nXmU4qqLMRzWVLFC8KusUX8T/0kCiOYpAIQ==",
      "license": "MIT"
    },
    "node_modules/react": {
      "version": "19.2.5",
      "resolved": "https://registry.npmjs.org/react/-/react-19.2.5.tgz",
      "integrity": "sha512-llUJLzz1zTUBrskt2pwZgLq59AemifIftw4aB7JxOqf1HY2FDaGDxgwpAPVzHU1kdWabH7FauP4i1oEeer2WCA==",
      "license": "MIT",
      "engines": {
        "node": ">=0.10.0"
      }
    },
    "node_modules/react-dom": {
      "version": "19.2.5",
      "resolved": "https://registry.npmjs.org/react-dom/-/react-dom-19.2.5.tgz",
      "integrity": "sha512-J5bAZz+DXMMwW/wV3xzKke59Af6CHY7G4uYLN1OvBcKEsWOs4pQExj86BBKamxl/Ik5bx9whOrvBlSDfWzgSag==",
      "license": "MIT",
      "dependencies": {
        "scheduler": "^0.27.0"
      },
      "peerDependencies": {
        "react": "^19.2.5"
      }
    },
    "node_modules/rtl-css-js": {
      "version": "1.16.1",
      "resolved": "https://registry.npmjs.org/rtl-css-js/-/rtl-css-js-1.16.1.tgz",
      "integrity": "sha512-lRQgou1mu19e+Ya0LsTvKrVJ5TYUbqCVPAiImX3UfLTenarvPUl1QFdvu5Z3PYmHT9RCcwIfbjRQBntExyj3Zg==",
      "license": "MIT",
      "dependencies": {
        "@babel/runtime": "^7.1.2"
      }
    },
    "node_modules/scheduler": {
      "version": "0.27.0",
      "resolved": "https://registry.npmjs.org/scheduler/-/scheduler-0.27.0.tgz",
      "integrity": "sha512-eNv+WrVbKu1f3vbYJT/xtiF5syA5HPIMtf9IgY/nKg0sWqzAUEvqY/xm7OcZc/qafLx/iO9FgOmeSAp4v5ti/Q==",
      "license": "MIT"
    },
    "node_modules/stylis": {
      "version": "4.4.0",
      "resolved": "https://registry.npmjs.org/stylis/-/stylis-4.4.0.tgz",
      "integrity": "sha512-5Z9ZpRzfuH6l/UAvCPAPUo3665Nk2wLaZU3x+TLHKVzIz33+sbJqbtrYoC3KD4/uVOr2Zp+L0LySezP9OHV9yA==",
      "license": "MIT"
    },
    "node_modules/tslib": {
      "version": "2.8.1",
      "resolved": "https://registry.npmjs.org/tslib/-/tslib-2.8.1.tgz",
      "integrity": "sha512-oJFu94HQb+KVduSUQL7wnpmqnfmLsOA/nAh6b6EH0wCEoK0/mPeXU6c3wKDV83MkOuHPRHtSXKKU99IBazS/2w==",
      "license": "0BSD"
    },
    "node_modules/typescript": {
      "version": "6.0.3",
      "resolved": "https://registry.npmjs.org/typescript/-/typescript-6.0.3.tgz",
      "integrity": "sha512-y2TvuxSZPDyQakkFRPZHKFm+KKVqIisdg9/CZwm9ftvKXLP8NRWj38/ODjNbr43SsoXqNuAisEf1GdCxqWcdBw==",
      "dev": true,
      "license": "Apache-2.0",
      "bin": {
        "tsc": "bin/tsc",
        "tsserver": "bin/tsserver"
      },
      "engines": {
        "node": ">=14.17"
      }
    }
  }
}
